
Microsoft Visual Studio Solution File, Format Version 12.00
# Visual Studio Version 16
VisualStudioVersion = 16.0.30907.101
MinimumVisualStudioVersion = 10.0.40219.1
Project("{FAE04EC0-301F-11D3-BF4B-00C04F79EFBC}") = "004Horoscopes", "004Horoscopes\004Horoscopes.csproj", "{705C7684-321C-4FDE-B1BF-D5702661CA1C}"
EndProject
Global
	GlobalSection(SolutionConfigurationPlatforms) = preSolution
		Debug|Any CPU = Debug|Any CPU
		Release|Any CPU = Release|Any CPU
	EndGlobalSection
	GlobalSection(ProjectConfigurationPlatforms) = postSolution
		{705C7684-321C-4FDE-B1BF-D5702661CA1C}.Debug|Any CPU.ActiveCfg = Debug|Any CPU
		{705C7684-321C-4FDE-B1BF-D5702661CA1C}.Debug|Any CPU.Build.0 = Debug|Any CPU
		{705C7684-321C-4FDE-B1BF-D5702661CA1C}.Release|Any CPU.ActiveCfg = Release|Any CPU
		{705C7684-321C-4FDE-B1BF-D5702661CA1C}.Release|Any CPU.Build.0 = Release|Any CPU
	EndGlobalSection
	GlobalSection(SolutionProperties) = preSolution
		HideSolutionNode = FALSE
	EndGlobalSection
	GlobalSection(ExtensibilityGlobals) = postSolution
		SolutionGuid = {D86FD3BB-DE39-4825-A891-2C71FC0EB05D}
	EndGlobalSection
EndGlobal
